
Microsoft Visual Studio Solution File, Format Version 12.00
# Visual Studio Version 17
VisualStudioVersion = 17.14.36616.10 d17.14
MinimumVisualStudioVersion = 10.0.40219.1
Project("{2150E333-8FDC-42A3-9474-1A3956D46DE8}") = "Task0", "Task0", "{36D591C7-65C7-A0D1-1CBC-10CDE441BDC8}"
EndProject
Project("{FAE04EC0-301F-11D3-BF4B-00C04F79EFBC}") = "Tyuiu.ZolotovaKA.Sprint2.Task0.V26", "Tyuiu.ZolotovaKA.Sprint2.Task0.V26\Tyuiu.ZolotovaKA.Sprint2.Task0.V26.csproj", "{5BA68701-BECB-41A9-B05B-17990C6CA98E}"
EndProject
Project("{FAE04EC0-301F-11D3-BF4B-00C04F79EFBC}") = "Tyuiu.ZolotovaKA.Sprint2.Task0.V26.Test", "Tyuiu.ZolotovaKA.Sprint2.Task0.V26.Test\Tyuiu.ZolotovaKA.Sprint2.Task0.V26.Test.csproj", "{0E319894-B6D7-457B-BC8C-375BC3E3A948}"
EndProject
Project("{FAE04EC0-301F-11D3-BF4B-00C04F79EFBC}") = "Tyuiu.ZolotovaKA.Sprint2.Task0.V26.Lib", "Tyuiu.ZolotovaKA.Sprint2.Task0.V26.Lib\Tyuiu.ZolotovaKA.Sprint2.Task0.V26.Lib.csproj", "{FADCA9F5-7DAA-4E32-B156-1D798F396193}"
EndProject
Project("{2150E333-8FDC-42A3-9474-1A3956D46DE8}") = "Task1", "Task1", "{260C33A0-E0B7-4727-B3E9-8BD4B7C5DF55}"
EndProject
Project("{FAE04EC0-301F-11D3-BF4B-00C04F79EFBC}") = "Tyuiu.ZolotovaKA.Sprint2.Task1.V18", "Tyuiu.ZolotovaKA.Sprint2.Task1.V18\Tyuiu.ZolotovaKA.Sprint2.Task1.V18.csproj", "{28242179-F567-4B68-A8E9-835D339BE617}"
EndProject
Project("{FAE04EC0-301F-11D3-BF4B-00C04F79EFBC}") = "Tyuiu.ZolotovaKA.Sprint2.Task1.V18.Lib", "Tyuiu.ZolotovaKA.Sprint2.Task1.V18.Lib\Tyuiu.ZolotovaKA.Sprint2.Task1.V18.Lib.csproj", "{9FC9A053-49BB-4472-A97D-7E8D18E6FF10}"
EndProject
Project("{FAE04EC0-301F-11D3-BF4B-00C04F79EFBC}") = "Tyuiu.ZolotovaKA.Sprint2.Task1.V18.Test", "Tyuiu.ZolotovaKA.Sprint2.Task1.V18.Test\Tyuiu.ZolotovaKA.Sprint2.Task1.V18.Test.csproj", "{B262826D-D23C-4E82-932D-A641631BDF73}"
EndProject
Project("{2150E333-8FDC-42A3-9474-1A3956D46DE8}") = "Task2", "Task2", "{7920F5A1-ADC9-451C-BC0D-518B782A1C4F}"
EndProject
Project("{FAE04EC0-301F-11D3-BF4B-00C04F79EFBC}") = "Tyuiu.ZolotovaKA.Sprint2.Task2.V27", "Tyuiu.ZolotovaKA.Sprint2.Task2.V27\Tyuiu.ZolotovaKA.Sprint2.Task2.V27.csproj", "{796AA09F-FCA5-4E5B-9C75-9ABF71EE567E}"
EndProject
Project("{FAE04EC0-301F-11D3-BF4B-00C04F79EFBC}") = "Tyuiu.ZolotovaKA.Sprint2.Task2.V27.Lib", "Tyuiu.ZolotovaKA.Sprint2.Task2.V27.Lib\Tyuiu.ZolotovaKA.Sprint2.Task2.V27.Lib.csproj", "{23E84ABE-48EB-41BF-92A6-8088B0D33A97}"
EndProject
Project("{FAE04EC0-301F-11D3-BF4B-00C04F79EFBC}") = "Tyuiu.ZolotovaKA.Sprint2.Task2.V27.Test", "Tyuiu.ZolotovaKA.Sprint2.Task2.V27.Test\Tyuiu.ZolotovaKA.Sprint2.Task2.V27.Test.csproj", "{754057E2-BEDA-43A2-8640-B0A16CEE74F4}"
EndProject
Global
	GlobalSection(SolutionConfigurationPlatforms) = preSolution
		Debug|Any CPU = Debug|Any CPU
		Release|Any CPU = Release|Any CPU
	EndGlobalSection
	GlobalSection(ProjectConfigurationPlatforms) = postSolution
		{5BA68701-BECB-41A9-B05B-17990C6CA98E}.Debug|Any CPU.ActiveCfg = Debug|Any CPU
		{5BA68701-BECB-41A9-B05B-17990C6CA98E}.Debug|Any CPU.Build.0 = Debug|Any CPU
		{5BA68701-BECB-41A9-B05B-17990C6CA98E}.Release|Any CPU.ActiveCfg = Release|Any CPU
		{5BA68701-BECB-41A9-B05B-17990C6CA98E}.Release|Any CPU.Build.0 = Release|Any CPU
		{0E319894-B6D7-457B-BC8C-375BC3E3A948}.Debug|Any CPU.ActiveCfg = Debug|Any CPU
		{0E319894-B6D7-457B-BC8C-375BC3E3A948}.Debug|Any CPU.Build.0 = Debug|Any CPU
		{0E319894-B6D7-457B-BC8C-375BC3E3A948}.Release|Any CPU.ActiveCfg = Release|Any CPU
		{0E319894-B6D7-457B-BC8C-375BC3E3A948}.Release|Any CPU.Build.0 = Release|Any CPU
		{FADCA9F5-7DAA-4E32-B156-1D798F396193}.Debug|Any CPU.ActiveCfg = Debug|Any CPU
		{FADCA9F5-7DAA-4E32-B156-1D798F396193}.Debug|Any CPU.Build.0 = Debug|Any CPU
		{FADCA9F5-7DAA-4E32-B156-1D798F396193}.Release|Any CPU.ActiveCfg = Release|Any CPU
		{FADCA9F5-7DAA-4E32-B156-1D798F396193}.Release|Any CPU.Build.0 = Release|Any CPU
		{28242179-F567-4B68-A8E9-835D339BE617}.Debug|Any CPU.ActiveCfg = Debug|Any CPU
		{28242179-F567-4B68-A8E9-835D339BE617}.Debug|Any CPU.Build.0 = Debug|Any CPU
		{28242179-F567-4B68-A8E9-835D339BE617}.Release|Any CPU.ActiveCfg = Release|Any CPU
		{28242179-F567-4B68-A8E9-835D339BE617}.Release|Any CPU.Build.0 = Release|Any CPU
		{9FC9A053-49BB-4472-A97D-7E8D18E6FF10}.Debug|Any CPU.ActiveCfg = Debug|Any CPU
		{9FC9A053-49BB-4472-A97D-7E8D18E6FF10}.Debug|Any CPU.Build.0 = Debug|Any CPU
		{9FC9A053-49BB-4472-A97D-7E8D18E6FF10}.Release|Any CPU.ActiveCfg = Release|Any CPU
		{9FC9A053-49BB-4472-A97D-7E8D18E6FF10}.Release|Any CPU.Build.0 = Release|Any CPU
		{B262826D-D23C-4E82-932D-A641631BDF73}.Debug|Any CPU.ActiveCfg = Debug|Any CPU
		{B262826D-D23C-4E82-932D-A641631BDF73}.Debug|Any CPU.Build.0 = Debug|Any CPU
		{B262826D-D23C-4E82-932D-A641631BDF73}.Release|Any CPU.ActiveCfg = Release|Any CPU
		{B262826D-D23C-4E82-932D-A641631BDF73}.Release|Any CPU.Build.0 = Release|Any CPU
		{796AA09F-FCA5-4E5B-9C75-9ABF71EE567E}.Debug|Any CPU.ActiveCfg = Debug|Any CPU
		{796AA09F-FCA5-4E5B-9C75-9ABF71EE567E}.Debug|Any CPU.Build.0 = Debug|Any CPU
		{796AA09F-FCA5-4E5B-9C75-9ABF71EE567E}.Release|Any CPU.ActiveCfg = Release|Any CPU
		{796AA09F-FCA5-4E5B-9C75-9ABF71EE567E}.Release|Any CPU.Build.0 = Release|Any CPU
		{23E84ABE-48EB-41BF-92A6-8088B0D33A97}.Debug|Any CPU.ActiveCfg = Debug|Any CPU
		{23E84ABE-48EB-41BF-92A6-8088B0D33A97}.Debug|Any CPU.Build.0 = Debug|Any CPU
		{23E84ABE-48EB-41BF-92A6-8088B0D33A97}.Release|Any CPU.ActiveCfg = Release|Any CPU
		{23E84ABE-48EB-41BF-92A6-8088B0D33A97}.Release|Any CPU.Build.0 = Release|Any CPU
		{754057E2-BEDA-43A2-8640-B0A16CEE74F4}.Debug|Any CPU.ActiveCfg = Debug|Any CPU
		{754057E2-BEDA-43A2-8640-B0A16CEE74F4}.Debug|Any CPU.Build.0 = Debug|Any CPU
		{754057E2-BEDA-43A2-8640-B0A16CEE74F4}.Release|Any CPU.ActiveCfg = Release|Any CPU
		{754057E2-BEDA-43A2-8640-B0A16CEE74F4}.Release|Any CPU.Build.0 = Release|Any CPU
	EndGlobalSection
	GlobalSection(SolutionProperties) = preSolution
		HideSolutionNode = FALSE
	EndGlobalSection
	GlobalSection(NestedProjects) = preSolution
		{5BA68701-BECB-41A9-B05B-17990C6CA98E} = {36D591C7-65C7-A0D1-1CBC-10CDE441BDC8}
		{0E319894-B6D7-457B-BC8C-375BC3E3A948} = {36D591C7-65C7-A0D1-1CBC-10CDE441BDC8}
		{FADCA9F5-7DAA-4E32-B156-1D798F396193} = {36D591C7-65C7-A0D1-1CBC-10CDE441BDC8}
		{28242179-F567-4B68-A8E9-835D339BE617} = {260C33A0-E0B7-4727-B3E9-8BD4B7C5DF55}
		{9FC9A053-49BB-4472-A97D-7E8D18E6FF10} = {260C33A0-E0B7-4727-B3E9-8BD4B7C5DF55}
		{B262826D-D23C-4E82-932D-A641631BDF73} = {260C33A0-E0B7-4727-B3E9-8BD4B7C5DF55}
		{796AA09F-FCA5-4E5B-9C75-9ABF71EE567E} = {7920F5A1-ADC9-451C-BC0D-518B782A1C4F}
		{23E84ABE-48EB-41BF-92A6-8088B0D33A97} = {7920F5A1-ADC9-451C-BC0D-518B782A1C4F}
		{754057E2-BEDA-43A2-8640-B0A16CEE74F4} = {7920F5A1-ADC9-451C-BC0D-518B782A1C4F}
	EndGlobalSection
	GlobalSection(ExtensibilityGlobals) = postSolution
		SolutionGuid = {1FC75380-ADA9-423E-8335-55C8F0573F8B}
	EndGlobalSection
EndGlobal
